
Microsoft Visual Studio Solution File, Format Version 12.00
# Visual Studio 14
VisualStudioVersion = 14.0.25420.1
MinimumVisualStudioVersion = 10.0.40219.1
Project("{FAE04EC0-301F-11D3-BF4B-00C04F79EFBC}") = "IOAS", "IOAS\IOAS.csproj", "{AE952FA8-A51F-43D2-B3E8-5C89CBBC007B}"
EndProject
Project("{FAE04EC0-301F-11D3-BF4B-00C04F79EFBC}") = "IOAS.DataModel", "IOAS.DataModel\IOAS.DataModel.csproj", "{35CF1197-BF57-4576-9F14-9B3B99130428}"
EndProject
Project("{FAE04EC0-301F-11D3-BF4B-00C04F79EFBC}") = "DataAccessLayer", "DataAccessLayer\DataAccessLayer.csproj", "{2C8BC32E-68BB-4F30-9034-E6CC67886649}"
EndProject
Project("{FAE04EC0-301F-11D3-BF4B-00C04F79EFBC}") = "IOASExternal.DataModel", "IOASExternal.DataModel\IOASExternal.DataModel.csproj", "{6AD1FAFE-69C4-466B-BF7E-A18ECECBA55C}"
EndProject
Project("{FAE04EC0-301F-11D3-BF4B-00C04F79EFBC}") = "WorkFlow.DataModel", "WorkFlow\WorkFlow.DataModel.csproj", "{E889D678-7B7D-407B-8B41-7A14D813AEEF}"
EndProject
Project("{FAE04EC0-301F-11D3-BF4B-00C04F79EFBC}") = "ICSREMP.DataModel", "ICSREMP.DataModel\ICSREMP.DataModel.csproj", "{E6F40450-A5EC-42D3-A8DE-BC608628DC01}"
EndProject
Global
	GlobalSection(SolutionConfigurationPlatforms) = preSolution
		Debug|Any CPU = Debug|Any CPU
		Release|Any CPU = Release|Any CPU
	EndGlobalSection
	GlobalSection(ProjectConfigurationPlatforms) = postSolution
		{AE952FA8-A51F-43D2-B3E8-5C89CBBC007B}.Debug|Any CPU.ActiveCfg = Debug|Any CPU
		{AE952FA8-A51F-43D2-B3E8-5C89CBBC007B}.Debug|Any CPU.Build.0 = Debug|Any CPU
		{AE952FA8-A51F-43D2-B3E8-5C89CBBC007B}.Release|Any CPU.ActiveCfg = Release|Any CPU
		{AE952FA8-A51F-43D2-B3E8-5C89CBBC007B}.Release|Any CPU.Build.0 = Release|Any CPU
		{35CF1197-BF57-4576-9F14-9B3B99130428}.Debug|Any CPU.ActiveCfg = Debug|Any CPU
		{35CF1197-BF57-4576-9F14-9B3B99130428}.Debug|Any CPU.Build.0 = Debug|Any CPU
		{35CF1197-BF57-4576-9F14-9B3B99130428}.Release|Any CPU.ActiveCfg = Release|Any CPU
		{35CF1197-BF57-4576-9F14-9B3B99130428}.Release|Any CPU.Build.0 = Release|Any CPU
		{2C8BC32E-68BB-4F30-9034-E6CC67886649}.Debug|Any CPU.ActiveCfg = Debug|Any CPU
		{2C8BC32E-68BB-4F30-9034-E6CC67886649}.Debug|Any CPU.Build.0 = Debug|Any CPU
		{2C8BC32E-68BB-4F30-9034-E6CC67886649}.Release|Any CPU.ActiveCfg = Release|Any CPU
		{2C8BC32E-68BB-4F30-9034-E6CC67886649}.Release|Any CPU.Build.0 = Release|Any CPU
		{6AD1FAFE-69C4-466B-BF7E-A18ECECBA55C}.Debug|Any CPU.ActiveCfg = Debug|Any CPU
		{6AD1FAFE-69C4-466B-BF7E-A18ECECBA55C}.Debug|Any CPU.Build.0 = Debug|Any CPU
		{6AD1FAFE-69C4-466B-BF7E-A18ECECBA55C}.Release|Any CPU.ActiveCfg = Release|Any CPU
		{6AD1FAFE-69C4-466B-BF7E-A18ECECBA55C}.Release|Any CPU.Build.0 = Release|Any CPU
		{E889D678-7B7D-407B-8B41-7A14D813AEEF}.Debug|Any CPU.ActiveCfg = Debug|Any CPU
		{E889D678-7B7D-407B-8B41-7A14D813AEEF}.Debug|Any CPU.Build.0 = Debug|Any CPU
		{E889D678-7B7D-407B-8B41-7A14D813AEEF}.Release|Any CPU.ActiveCfg = Release|Any CPU
		{E889D678-7B7D-407B-8B41-7A14D813AEEF}.Release|Any CPU.Build.0 = Release|Any CPU
		{E6F40450-A5EC-42D3-A8DE-BC608628DC01}.Debug|Any CPU.ActiveCfg = Debug|Any CPU
		{E6F40450-A5EC-42D3-A8DE-BC608628DC01}.Debug|Any CPU.Build.0 = Debug|Any CPU
		{E6F40450-A5EC-42D3-A8DE-BC608628DC01}.Release|Any CPU.ActiveCfg = Release|Any CPU
		{E6F40450-A5EC-42D3-A8DE-BC608628DC01}.Release|Any CPU.Build.0 = Release|Any CPU
	EndGlobalSection
	GlobalSection(SolutionProperties) = preSolution
		HideSolutionNode = FALSE
	EndGlobalSection
	GlobalSection(ExtensibilityGlobals) = postSolution
		SolutionGuid = {F55E1A87-48AF-44FE-A008-40D724AB42E1}
	EndGlobalSection
EndGlobal
